// !$*UTF8*$!
{
	archiveVersion = 1;
	classes = {
	};
	objectVersion = 55;
	objects = {

/* Begin PBXBuildFile section */
		7911C8CF2831BB6E00C1B856 /* ScoreViewController.swift in Sources */ = {isa = PBXBuildFile; fileRef = 7911C8CE2831BB6E00C1B856 /* ScoreViewController.swift */; };
		792CEEA12825CB3800892612 /* AppDelegate.swift in Sources */ = {isa = PBXBuildFile; fileRef = 792CEEA02825CB3800892612 /* AppDelegate.swift */; };
		792CEEA32825CB3800892612 /* SceneDelegate.swift in Sources */ = {isa = PBXBuildFile; fileRef = 792CEEA22825CB3800892612 /* SceneDelegate.swift */; };
		792CEEA52825CB3800892612 /* ViewController.swift in Sources */ = {isa = PBXBuildFile; fileRef = 792CEEA42825CB3800892612 /* ViewController.swift */; };
		792CEEA82825CB3800892612 /* Main.storyboard in Resources */ = {isa = PBXBuildFile; fileRef = 792CEEA62825CB3800892612 /* Main.storyboard */; };
		792CEEAA2825CB3900892612 /* Assets.xcassets in Resources */ = {isa = PBXBuildFile; fileRef = 792CEEA92825CB3900892612 /* Assets.xcassets */; };
		792CEEAD2825CB3900892612 /* LaunchScreen.storyboard in Resources */ = {isa = PBXBuildFile; fileRef = 792CEEAB2825CB3900892612 /* LaunchScreen.storyboard */; };
		792CEEB82825CB3900892612 /* Examen_2PTests.swift in Sources */ = {isa = PBXBuildFile; fileRef = 792CEEB72825CB3900892612 /* Examen_2PTests.swift */; };
		792CEEC22825CB3900892612 /* Examen_2PUITests.swift in Sources */ = {isa = PBXBuildFile; fileRef = 792CEEC12825CB3900892612 /* Examen_2PUITests.swift */; };
		792CEEC42825CB3900892612 /* Examen_2PUITestsLaunchTests.swift in Sources */ = {isa = PBXBuildFile; fileRef = 792CEEC32825CB3900892612 /* Examen_2PUITestsLaunchTests.swift */; };
		797BD0FC2829F08200C027D5 /* Player.swift in Sources */ = {isa = PBXBuildFile; fileRef = 797BD0FB2829F08100C027D5 /* Player.swift */; };
		797BD0FE2830BCCB00C027D5 /* TicTacToeViewController.swift in Sources */ = {isa = PBXBuildFile; fileRef = 797BD0FD2830BCCB00C027D5 /* TicTacToeViewController.swift */; };
		79D9667F2829CF6400195291 /* SFAlienEncounters-Italic.ttf in Resources */ = {isa = PBXBuildFile; fileRef = 79D9667D2829AEC000195291 /* SFAlienEncounters-Italic.ttf */; };
		79D966802829CF6800195291 /* SFAlienEncounters.ttf in Resources */ = {isa = PBXBuildFile; fileRef = 79D9667E2829AEC000195291 /* SFAlienEncounters.ttf */; };
/* End PBXBuildFile section */

/* Begin PBXContainerItemProxy section */
		792CEEB42825CB3900892612 /* PBXContainerItemProxy */ = {
			isa = PBXContainerItemProxy;
			containerPortal = 792CEE952825CB3800892612 /* Project object */;
			proxyType = 1;
			remoteGlobalIDString = 792CEE9C2825CB3800892612;
			remoteInfo = Examen_2P;
		};
		792CEEBE2825CB3900892612 /* PBXContainerItemProxy */ = {
			isa = PBXContainerItemProxy;
			containerPortal = 792CEE952825CB3800892612 /* Project object */;
			proxyType = 1;
			remoteGlobalIDString = 792CEE9C2825CB3800892612;
			remoteInfo = Examen_2P;
		};
/* End PBXContainerItemProxy section */

/* Begin PBXFileReference section */
		7911C8CE2831BB6E00C1B856 /* ScoreViewController.swift */ = {isa = PBXFileReference; lastKnownFileType = sourcecode.swift; path = ScoreViewController.swift; sourceTree = "<group>"; };
		792CEE9D2825CB3800892612 /* Examen_2P.app */ = {isa = PBXFileReference; explicitFileType = wrapper.application; includeInIndex = 0; path = Examen_2P.app; sourceTree = BUILT_PRODUCTS_DIR; };
		792CEEA02825CB3800892612 /* AppDelegate.swift */ = {isa = PBXFileReference; lastKnownFileType = sourcecode.swift; path = AppDelegate.swift; sourceTree = "<group>"; };
		792CEEA22825CB3800892612 /* SceneDelegate.swift */ = {isa = PBXFileReference; lastKnownFileType = sourcecode.swift; path = SceneDelegate.swift; sourceTree = "<group>"; };
		792CEEA42825CB3800892612 /* ViewController.swift */ = {isa = PBXFileReference; lastKnownFileType = sourcecode.swift; path = ViewController.swift; sourceTree = "<group>"; };
		792CEEA72825CB3800892612 /* Base */ = {isa = PBXFileReference; lastKnownFileType = file.storyboard; name = Base; path = Base.lproj/Main.storyboard; sourceTree = "<group>"; };
		792CEEA92825CB3900892612 /* Assets.xcassets */ = {isa = PBXFileReference; lastKnownFileType = folder.assetcatalog; path = Assets.xcassets; sourceTree = "<group>"; };
		792CEEAC2825CB3900892612 /* Base */ = {isa = PBXFileReference; lastKnownFileType = file.storyboard; name = Base; path = Base.lproj/LaunchScreen.storyboard; sourceTree = "<group>"; };
		792CEEAE2825CB3900892612 /* Info.plist */ = {isa = PBXFileReference; lastKnownFileType = text.plist.xml; path = Info.plist; sourceTree = "<group>"; };
		792CEEB32825CB3900892612 /* Examen_2PTests.xctest */ = {isa = PBXFileReference; explicitFileType = wrapper.cfbundle; includeInIndex = 0; path = Examen_2PTests.xctest; sourceTree = BUILT_PRODUCTS_DIR; };
		792CEEB72825CB3900892612 /* Examen_2PTests.swift */ = {isa = PBXFileReference; lastKnownFileType = sourcecode.swift; path = Examen_2PTests.swift; sourceTree = "<group>"; };
		792CEEBD2825CB3900892612 /* Examen_2PUITests.xctest */ = {isa = PBXFileReference; explicitFileType = wrapper.cfbundle; includeInIndex = 0; path = Examen_2PUITests.xctest; sourceTree = BUILT_PRODUCTS_DIR; };
		792CEEC12825CB3900892612 /* Examen_2PUITests.swift */ = {isa = PBXFileReference; lastKnownFileType = sourcecode.swift; path = Examen_2PUITests.swift; sourceTree = "<group>"; };
		792CEEC32825CB3900892612 /* Examen_2PUITestsLaunchTests.swift */ = {isa = PBXFileReference; lastKnownFileType = sourcecode.swift; path = Examen_2PUITestsLaunchTests.swift; sourceTree = "<group>"; };
		797BD0FB2829F08100C027D5 /* Player.swift */ = {isa = PBXFileReference; lastKnownFileType = sourcecode.swift; path = Player.swift; sourceTree = "<group>"; };
		797BD0FD2830BCCB00C027D5 /* TicTacToeViewController.swift */ = {isa = PBXFileReference; lastKnownFileType = sourcecode.swift; path = TicTacToeViewController.swift; sourceTree = "<group>"; };
		79D9667D2829AEC000195291 /* SFAlienEncounters-Italic.ttf */ = {isa = PBXFileReference; lastKnownFileType = file; path = "SFAlienEncounters-Italic.ttf"; sourceTree = "<group>"; };
		79D9667E2829AEC000195291 /* SFAlienEncounters.ttf */ = {isa = PBXFileReference; lastKnownFileType = file; path = SFAlienEncounters.ttf; sourceTree = "<group>"; };
/* End PBXFileReference section */

/* Begin PBXFrameworksBuildPhase section */
		792CEE9A2825CB3800892612 /* Frameworks */ = {
			isa = PBXFrameworksBuildPhase;
			buildActionMask = 2147483647;
			files = (
			);
			runOnlyForDeploymentPostprocessing = 0;
		};
		792CEEB02825CB3900892612 /* Frameworks */ = {
			isa = PBXFrameworksBuildPhase;
			buildActionMask = 2147483647;
			files = (
			);
			runOnlyForDeploymentPostprocessing = 0;
		};
		792CEEBA2825CB3900892612 /* Frameworks */ = {
			isa = PBXFrameworksBuildPhase;
			buildActionMask = 2147483647;
			files = (
			);
			runOnlyForDeploymentPostprocessing = 0;
		};
/* End PBXFrameworksBuildPhase section */

/* Begin PBXGroup section */
		792CEE942825CB3800892612 = {
			isa = PBXGroup;
			children = (
				792CEE9F2825CB3800892612 /* Examen_2P */,
				792CEEB62825CB3900892612 /* Examen_2PTests */,
				792CEEC02825CB3900892612 /* Examen_2PUITests */,
				792CEE9E2825CB3800892612 /* Products */,
			);
			sourceTree = "<group>";
		};
		792CEE9E2825CB3800892612 /* Products */ = {
			isa = PBXGroup;
			children = (
				792CEE9D2825CB3800892612 /* Examen_2P.app */,
				792CEEB32825CB3900892612 /* Examen_2PTests.xctest */,
				792CEEBD2825CB3900892612 /* Examen_2PUITests.xctest */,
			);
			name = Products;
			sourceTree = "<group>";
		};
		792CEE9F2825CB3800892612 /* Examen_2P */ = {
			isa = PBXGroup;
			children = (
				79D9667C2829AE9E00195291 /* fonts */,
				792CEEA02825CB3800892612 /* AppDelegate.swift */,
				792CEEA22825CB3800892612 /* SceneDelegate.swift */,
				792CEEA42825CB3800892612 /* ViewController.swift */,
				797BD0FB2829F08100C027D5 /* Player.swift */,
				797BD0FD2830BCCB00C027D5 /* TicTacToeViewController.swift */,
				7911C8CE2831BB6E00C1B856 /* ScoreViewController.swift */,
				792CEEA62825CB3800892612 /* Main.storyboard */,
				792CEEA92825CB3900892612 /* Assets.xcassets */,
				792CEEAB2825CB3900892612 /* LaunchScreen.storyboard */,
				792CEEAE2825CB3900892612 /* Info.plist */,
			);
			path = Examen_2P;
			sourceTree = "<group>";
		};
		792CEEB62825CB3900892612 /* Examen_2PTests */ = {
			isa = PBXGroup;
			children = (
				792CEEB72825CB3900892612 /* Examen_2PTests.swift */,
			);
			path = Examen_2PTests;
			sourceTree = "<group>";
		};
		792CEEC02825CB3900892612 /* Examen_2PUITests */ = {
			isa = PBXGroup;
			children = (
				792CEEC12825CB3900892612 /* Examen_2PUITests.swift */,
				792CEEC32825CB3900892612 /* Examen_2PUITestsLaunchTests.swift */,
			);
			path = Examen_2PUITests;
			sourceTree = "<group>";
		};
		79D9667C2829AE9E00195291 /* fonts */ = {
			isa = PBXGroup;
			children = (
				79D9667D2829AEC000195291 /* SFAlienEncounters-Italic.ttf */,
				79D9667E2829AEC000195291 /* SFAlienEncounters.ttf */,
			);
			path = fonts;
			sourceTree = "<group>";
		};
/* End PBXGroup section */

/* Begin PBXNativeTarget section */
		792CEE9C2825CB3800892612 /* Examen_2P */ = {
			isa = PBXNativeTarget;
			buildConfigurationList = 792CEEC72825CB3900892612 /* Build configuration list for PBXNativeTarget "Examen_2P" */;
			buildPhases = (
				792CEE992825CB3800892612 /* Sources */,
				792CEE9A2825CB3800892612 /* Frameworks */,
				792CEE9B2825CB3800892612 /* Resources */,
			);
			buildRules = (
			);
			dependencies = (
			);
			name = Examen_2P;
			productName = Examen_2P;
			productReference = 792CEE9D2825CB3800892612 /* Examen_2P.app */;
			productType = "com.apple.product-type.application";
		};
		792CEEB22825CB3900892612 /* Examen_2PTests */ = {
			isa = PBXNativeTarget;
			buildConfigurationList = 792CEECA2825CB3900892612 /* Build configuration list for PBXNativeTarget "Examen_2PTests" */;
			buildPhases = (
				792CEEAF2825CB3900892612 /* Sources */,
				792CEEB02825CB3900892612 /* Frameworks */,
				792CEEB12825CB3900892612 /* Resources */,
			);
			buildRules = (
			);
			dependencies = (
				792CEEB52825CB3900892612 /* PBXTargetDependency */,
			);
			name = Examen_2PTests;
			productName = Examen_2PTests;
			productReference = 792CEEB32825CB3900892612 /* Examen_2PTests.xctest */;
			productType = "com.apple.product-type.bundle.unit-test";
		};
		792CEEBC2825CB3900892612 /* Examen_2PUITests */ = {
			isa = PBXNativeTarget;
			buildConfigurationList = 792CEECD2825CB3900892612 /* Build configuration list for PBXNativeTarget "Examen_2PUITests" */;
			buildPhases = (
				792CEEB92825CB3900892612 /* Sources */,
				792CEEBA2825CB3900892612 /* Frameworks */,
				792CEEBB2825CB3900892612 /* Resources */,
			);
			buildRules = (
			);
			dependencies = (
				792CEEBF2825CB3900892612 /* PBXTargetDependency */,
			);
			name = Examen_2PUITests;
			productName = Examen_2PUITests;
			productReference = 792CEEBD2825CB3900892612 /* Examen_2PUITests.xctest */;
			productType = "com.apple.product-type.bundle.ui-testing";
		};
/* End PBXNativeTarget section */

/* Begin PBXProject section */
		792CEE952825CB3800892612 /* Project object */ = {
			isa = PBXProject;
			attributes = {
				BuildIndependentTargetsInParallel = 1;
				LastSwiftUpdateCheck = 1330;
				LastUpgradeCheck = 1330;
				TargetAttributes = {
					792CEE9C2825CB3800892612 = {
						CreatedOnToolsVersion = 13.3.1;
					};
					792CEEB22825CB3900892612 = {
						CreatedOnToolsVersion = 13.3.1;
						TestTargetID = 792CEE9C2825CB3800892612;
					};
					792CEEBC2825CB3900892612 = {
						CreatedOnToolsVersion = 13.3.1;
						TestTargetID = 792CEE9C2825CB3800892612;
					};
				};
			};
			buildConfigurationList = 792CEE982825CB3800892612 /* Build configuration list for PBXProject "Examen_2P" */;
			compatibilityVersion = "Xcode 13.0";
			developmentRegion = en;
			hasScannedForEncodings = 0;
			knownRegions = (
				en,
				Base,
			);
			mainGroup = 792CEE942825CB3800892612;
			productRefGroup = 792CEE9E2825CB3800892612 /* Products */;
			projectDirPath = "";
			projectRoot = "";
			targets = (
				792CEE9C2825CB3800892612 /* Examen_2P */,
				792CEEB22825CB3900892612 /* Examen_2PTests */,
				792CEEBC2825CB3900892612 /* Examen_2PUITests */,
			);
		};
/* End PBXProject section */

/* Begin PBXResourcesBuildPhase section */
		792CEE9B2825CB3800892612 /* Resources */ = {
			isa = PBXResourcesBuildPhase;
			buildActionMask = 2147483647;
			files = (
				792CEEAD2825CB3900892612 /* LaunchScreen.storyboard in Resources */,
				79D966802829CF6800195291 /* SFAlienEncounters.ttf in Resources */,
				792CEEAA2825CB3900892612 /* Assets.xcassets in Resources */,
				792CEEA82825CB3800892612 /* Main.storyboard in Resources */,
				79D9667F2829CF6400195291 /* SFAlienEncounters-Italic.ttf in Resources */,
			);
			runOnlyForDeploymentPostprocessing = 0;
		};
		792CEEB12825CB3900892612 /* Resources */ = {
			isa = PBXResourcesBuildPhase;
			buildActionMask = 2147483647;
			files = (
			);
			runOnlyForDeploymentPostprocessing = 0;
		};
		792CEEBB2825CB3900892612 /* Resources */ = {
			isa = PBXResourcesBuildPhase;
			buildActionMask = 2147483647;
			files = (
			);
			runOnlyForDeploymentPostprocessing = 0;
		};
/* End PBXResourcesBuildPhase section */

/* Begin PBXSourcesBuildPhase section */
		792CEE992825CB3800892612 /* Sources */ = {
			isa = PBXSourcesBuildPhase;
			buildActionMask = 2147483647;
			files = (
				797BD0FC2829F08200C027D5 /* Player.swift in Sources */,
				792CEEA52825CB3800892612 /* ViewController.swift in Sources */,
				797BD0FE2830BCCB00C027D5 /* TicTacToeViewController.swift in Sources */,
				792CEEA12825CB3800892612 /* AppDelegate.swift in Sources */,
				792CEEA32825CB3800892612 /* SceneDelegate.swift in Sources */,
				7911C8CF2831BB6E00C1B856 /* ScoreViewController.swift in Sources */,
			);
			runOnlyForDeploymentPostprocessing = 0;
		};
		792CEEAF2825CB3900892612 /* Sources */ = {
			isa = PBXSourcesBuildPhase;
			buildActionMask = 2147483647;
			files = (
				792CEEB82825CB3900892612 /* Examen_2PTests.swift in Sources */,
			);
			runOnlyForDeploymentPostprocessing = 0;
		};
		792CEEB92825CB3900892612 /* Sources */ = {
			isa = PBXSourcesBuildPhase;
			buildActionMask = 2147483647;
			files = (
				792CEEC42825CB3900892612 /* Examen_2PUITestsLaunchTests.swift in Sources */,
				792CEEC22825CB3900892612 /* Examen_2PUITests.swift in Sources */,
			);
			runOnlyForDeploymentPostprocessing = 0;
		};
/* End PBXSourcesBuildPhase section */

/* Begin PBXTargetDependency section */
		792CEEB52825CB3900892612 /* PBXTargetDependency */ = {
			isa = PBXTargetDependency;
			target = 792CEE9C2825CB3800892612 /* Examen_2P */;
			targetProxy = 792CEEB42825CB3900892612 /* PBXContainerItemProxy */;
		};
		792CEEBF2825CB3900892612 /* PBXTargetDependency */ = {
			isa = PBXTargetDependency;
			target = 792CEE9C2825CB3800892612 /* Examen_2P */;
			targetProxy = 792CEEBE2825CB3900892612 /* PBXContainerItemProxy */;
		};
/* End PBXTargetDependency section */

/* Begin PBXVariantGroup section */
		792CEEA62825CB3800892612 /* Main.storyboard */ = {
			isa = PBXVariantGroup;
			children = (
				792CEEA72825CB3800892612 /* Base */,
			);
			name = Main.storyboard;
			sourceTree = "<group>";
		};
		792CEEAB2825CB3900892612 /* LaunchScreen.storyboard */ = {
			isa = PBXVariantGroup;
			children = (
				792CEEAC2825CB3900892612 /* Base */,
			);
			name = LaunchScreen.storyboard;
			sourceTree = "<group>";
		};
/* End PBXVariantGroup section */

/* Begin XCBuildConfiguration section */
		792CEEC52825CB3900892612 /* Debug */ = {
			isa = XCBuildConfiguration;
			buildSettings = {
				ALWAYS_SEARCH_USER_PATHS = NO;
				CLANG_ANALYZER_NONNULL = YES;
				CLANG_ANALYZER_NUMBER_OBJECT_CONVERSION = YES_AGGRESSIVE;
				CLANG_CXX_LANGUAGE_STANDARD = "gnu++17";
				CLANG_ENABLE_MODULES = YES;
				CLANG_ENABLE_OBJC_ARC = YES;
				CLANG_ENABLE_OBJC_WEAK = YES;
				CLANG_WARN_BLOCK_CAPTURE_AUTORELEASING = YES;
				CLANG_WARN_BOOL_CONVERSION = YES;
				CLANG_WARN_COMMA = YES;
				CLANG_WARN_CONSTANT_CONVERSION = YES;
				CLANG_WARN_DEPRECATED_OBJC_IMPLEMENTATIONS = YES;
				CLANG_WARN_DIRECT_OBJC_ISA_USAGE = YES_ERROR;
				CLANG_WARN_DOCUMENTATION_COMMENTS = YES;
				CLANG_WARN_EMPTY_BODY = YES;
				CLANG_WARN_ENUM_CONVERSION = YES;
				CLANG_WARN_INFINITE_RECURSION = YES;
				CLANG_WARN_INT_CONVERSION = YES;
				CLANG_WARN_NON_LITERAL_NULL_CONVERSION = YES;
				CLANG_WARN_OBJC_IMPLICIT_RETAIN_SELF = YES;
				CLANG_WARN_OBJC_LITERAL_CONVERSION = YES;
				CLANG_WARN_OBJC_ROOT_CLASS = YES_ERROR;
				CLANG_WARN_QUOTED_INCLUDE_IN_FRAMEWORK_HEADER = YES;
				CLANG_WARN_RANGE_LOOP_ANALYSIS = YES;
				CLANG_WARN_STRICT_PROTOTYPES = YES;
				CLANG_WARN_SUSPICIOUS_MOVE = YES;
				CLANG_WARN_UNGUARDED_AVAILABILITY = YES_AGGRESSIVE;
				CLANG_WARN_UNREACHABLE_CODE = YES;
				CLANG_WARN__DUPLICATE_METHOD_MATCH = YES;
				COPY_PHASE_STRIP = NO;
				DEBUG_INFORMATION_FORMAT = dwarf;
				ENABLE_STRICT_OBJC_MSGSEND = YES;
				ENABLE_TESTABILITY = YES;
				GCC_C_LANGUAGE_STANDARD = gnu11;
				GCC_DYNAMIC_NO_PIC = NO;
				GCC_NO_COMMON_BLOCKS = YES;
				GCC_OPTIMIZATION_LEVEL = 0;
				GCC_PREPROCESSOR_DEFINITIONS = (
					"DEBUG=1",
					"$(inherited)",
				);
				GCC_WARN_64_TO_32_BIT_CONVERSION = YES;
				GCC_WARN_ABOUT_RETURN_TYPE = YES_ERROR;
				GCC_WARN_UNDECLARED_SELECTOR = YES;
				GCC_WARN_UNINITIALIZED_AUTOS = YES_AGGRESSIVE;
				GCC_WARN_UNUSED_FUNCTION = YES;
				GCC_WARN_UNUSED_VARIABLE = YES;
				IPHONEOS_DEPLOYMENT_TARGET = 15.4;
				MTL_ENABLE_DEBUG_INFO = INCLUDE_SOURCE;
				MTL_FAST_MATH = YES;
				ONLY_ACTIVE_ARCH = YES;
				SDKROOT = iphoneos;
				SWIFT_ACTIVE_COMPILATION_CONDITIONS = DEBUG;
				SWIFT_OPTIMIZATION_LEVEL = "-Onone";
			};
			name = Debug;
		};
		792CEEC62825CB3900892612 /* Release */ = {
			isa = XCBuildConfiguration;
			buildSettings = {
				ALWAYS_SEARCH_USER_PATHS = NO;
				CLANG_ANALYZER_NONNULL = YES;
				CLANG_ANALYZER_NUMBER_OBJECT_CONVERSION = YES_AGGRESSIVE;
				CLANG_CXX_LANGUAGE_STANDARD = "gnu++17";
				CLANG_ENABLE_MODULES = YES;
				CLANG_ENABLE_OBJC_ARC = YES;
				CLANG_ENABLE_OBJC_WEAK = YES;
				CLANG_WARN_BLOCK_CAPTURE_AUTORELEASING = YES;
				CLANG_WARN_BOOL_CONVERSION = YES;
				CLANG_WARN_COMMA = YES;
				CLANG_WARN_CONSTANT_CONVERSION = YES;
				CLANG_WARN_DEPRECATED_OBJC_IMPLEMENTATIONS = YES;
				CLANG_WARN_DIRECT_OBJC_ISA_USAGE = YES_ERROR;
				CLANG_WARN_DOCUMENTATION_COMMENTS = YES;
				CLANG_WARN_EMPTY_BODY = YES;
				CLANG_WARN_ENUM_CONVERSION = YES;
				CLANG_WARN_INFINITE_RECURSION = YES;
				CLANG_WARN_INT_CONVERSION = YES;
				CLANG_WARN_NON_LITERAL_NULL_CONVERSION = YES;
				CLANG_WARN_OBJC_IMPLICIT_RETAIN_SELF = YES;
				CLANG_WARN_OBJC_LITERAL_CONVERSION = YES;
				CLANG_WARN_OBJC_ROOT_CLASS = YES_ERROR;
				CLANG_WARN_QUOTED_INCLUDE_IN_FRAMEWORK_HEADER = YES;
				CLANG_WARN_RANGE_LOOP_ANALYSIS = YES;
				CLANG_WARN_STRICT_PROTOTYPES = YES;
				CLANG_WARN_SUSPICIOUS_MOVE = YES;
				CLANG_WARN_UNGUARDED_AVAILABILITY = YES_AGGRESSIVE;
				CLANG_WARN_UNREACHABLE_CODE = YES;
				CLANG_WARN__DUPLICATE_METHOD_MATCH = YES;
				COPY_PHASE_STRIP = NO;
				DEBUG_INFORMATION_FORMAT = "dwarf-with-dsym";
				ENABLE_NS_ASSERTIONS = NO;
				ENABLE_STRICT_OBJC_MSGSEND = YES;
				GCC_C_LANGUAGE_STANDARD = gnu11;
				GCC_NO_COMMON_BLOCKS = YES;
				GCC_WARN_64_TO_32_BIT_CONVERSION = YES;
				GCC_WARN_ABOUT_RETURN_TYPE = YES_ERROR;
				GCC_WARN_UNDECLARED_SELECTOR = YES;
				GCC_WARN_UNINITIALIZED_AUTOS = YES_AGGRESSIVE;
				GCC_WARN_UNUSED_FUNCTION = YES;
				GCC_WARN_UNUSED_VARIABLE = YES;
				IPHONEOS_DEPLOYMENT_TARGET = 15.4;
				MTL_ENABLE_DEBUG_INFO = NO;
				MTL_FAST_MATH = YES;
				SDKROOT = iphoneos;
				SWIFT_COMPILATION_MODE = wholemodule;
				SWIFT_OPTIMIZATION_LEVEL = "-O";
				VALIDATE_PRODUCT = YES;
			};
			name = Release;
		};
		792CEEC82825CB3900892612 /* Debug */ = {
			isa = XCBuildConfiguration;
			buildSettings = {
				ASSETCATALOG_COMPILER_APPICON_NAME = AppIcon;
				ASSETCATALOG_COMPILER_GLOBAL_ACCENT_COLOR_NAME = AccentColor;
				CODE_SIGN_STYLE = Automatic;
				CURRENT_PROJECT_VERSION = 1;
				DEVELOPMENT_TEAM = 5US3R38UJG;
				GENERATE_INFOPLIST_FILE = YES;
				INFOPLIST_FILE = Examen_2P/Info.plist;
				INFOPLIST_KEY_UIApplicationSupportsIndirectInputEvents = YES;
				INFOPLIST_KEY_UILaunchStoryboardName = LaunchScreen;
				INFOPLIST_KEY_UIMainStoryboardFile = Main;
				INFOPLIST_KEY_UISupportedInterfaceOrientations_iPad = "UIInterfaceOrientationPortrait UIInterfaceOrientationPortraitUpsideDown UIInterfaceOrientationLandscapeLeft UIInterfaceOrientationLandscapeRight";
				INFOPLIST_KEY_UISupportedInterfaceOrientations_iPhone = "UIInterfaceOrientationPortrait UIInterfaceOrientationLandscapeLeft UIInterfaceOrientationLandscapeRight";
				LD_RUNPATH_SEARCH_PATHS = (
					"$(inherited)",
					"@executable_path/Frameworks",
				);
				MARKETING_VERSION = 1.0;
				PRODUCT_BUNDLE_IDENTIFIER = "try.Examen-2P";
				PRODUCT_NAME = "$(TARGET_NAME)";
				SWIFT_EMIT_LOC_STRINGS = YES;
				SWIFT_VERSION = 5.0;
				TARGETED_DEVICE_FAMILY = "1,2";
			};
			name = Debug;
		};
		792CEEC92825CB3900892612 /* Release */ = {
			isa = XCBuildConfiguration;
			buildSettings = {
				ASSETCATALOG_COMPILER_APPICON_NAME = AppIcon;
				ASSETCATALOG_COMPILER_GLOBAL_ACCENT_COLOR_NAME = AccentColor;
				CODE_SIGN_STYLE = Automatic;
				CURRENT_PROJECT_VERSION = 1;
				DEVELOPMENT_TEAM = 5US3R38UJG;
				GENERATE_INFOPLIST_FILE = YES;
				INFOPLIST_FILE = Examen_2P/Info.plist;
				INFOPLIST_KEY_UIApplicationSupportsIndirectInputEvents = YES;
				INFOPLIST_KEY_UILaunchStoryboardName = LaunchScreen;
				INFOPLIST_KEY_UIMainStoryboardFile = Main;
				INFOPLIST_KEY_UISupportedInterfaceOrientations_iPad = "UIInterfaceOrientationPortrait UIInterfaceOrientationPortraitUpsideDown UIInterfaceOrientationLandscapeLeft UIInterfaceOrientationLandscapeRight";
				INFOPLIST_KEY_UISupportedInterfaceOrientations_iPhone = "UIInterfaceOrientationPortrait UIInterfaceOrientationLandscapeLeft UIInterfaceOrientationLandscapeRight";
				LD_RUNPATH_SEARCH_PATHS = (
					"$(inherited)",
					"@executable_path/Frameworks",
				);
				MARKETING_VERSION = 1.0;
				PRODUCT_BUNDLE_IDENTIFIER = "try.Examen-2P";
				PRODUCT_NAME = "$(TARGET_NAME)";
				SWIFT_EMIT_LOC_STRINGS = YES;
				SWIFT_VERSION = 5.0;
				TARGETED_DEVICE_FAMILY = "1,2";
			};
			name = Release;
		};
		792CEECB2825CB3900892612 /* Debug */ = {
			isa = XCBuildConfiguration;
			buildSettings = {
				ALWAYS_EMBED_SWIFT_STANDARD_LIBRARIES = YES;
				BUNDLE_LOADER = "$(TEST_HOST)";
				CODE_SIGN_STYLE = Automatic;
				CURRENT_PROJECT_VERSION = 1;
				DEVELOPMENT_TEAM = 5US3R38UJG;
				GENERATE_INFOPLIST_FILE = YES;
				IPHONEOS_DEPLOYMENT_TARGET = 15.4;
				MARKETING_VERSION = 1.0;
				PRODUCT_BUNDLE_IDENTIFIER = "try.Examen-2PTests";
				PRODUCT_NAME = "$(TARGET_NAME)";
				SWIFT_EMIT_LOC_STRINGS = NO;
				SWIFT_VERSION = 5.0;
				TARGETED_DEVICE_FAMILY = "1,2";
				TEST_HOST = "$(BUILT_PRODUCTS_DIR)/Examen_2P.app/Examen_2P";
			};
			name = Debug;
		};
		792CEECC2825CB3900892612 /* Release */ = {
			isa = XCBuildConfiguration;
			buildSettings = {
				ALWAYS_EMBED_SWIFT_STANDARD_LIBRARIES = YES;
				BUNDLE_LOADER = "$(TEST_HOST)";
				CODE_SIGN_STYLE = Automatic;
				CURRENT_PROJECT_VERSION = 1;
				DEVELOPMENT_TEAM = 5US3R38UJG;
				GENERATE_INFOPLIST_FILE = YES;
				IPHONEOS_DEPLOYMENT_TARGET = 15.4;
				MARKETING_VERSION = 1.0;
				PRODUCT_BUNDLE_IDENTIFIER = "try.Examen-2PTests";
				PRODUCT_NAME = "$(TARGET_NAME)";
				SWIFT_EMIT_LOC_STRINGS = NO;
				SWIFT_VERSION = 5.0;
				TARGETED_DEVICE_FAMILY = "1,2";
				TEST_HOST = "$(BUILT_PRODUCTS_DIR)/Examen_2P.app/Examen_2P";
			};
			name = Release;
		};
		792CEECE2825CB3900892612 /* Debug */ = {
			isa = XCBuildConfiguration;
			buildSettings = {
				ALWAYS_EMBED_SWIFT_STANDARD_LIBRARIES = YES;
				CODE_SIGN_STYLE = Automatic;
				CURRENT_PROJECT_VERSION = 1;
				DEVELOPMENT_TEAM = 5US3R38UJG;
				GENERATE_INFOPLIST_FILE = YES;
				MARKETING_VERSION = 1.0;
				PRODUCT_BUNDLE_IDENTIFIER = "try.Examen-2PUITests";
				PRODUCT_NAME = "$(TARGET_NAME)";
				SWIFT_EMIT_LOC_STRINGS = NO;
				SWIFT_VERSION = 5.0;
				TARGETED_DEVICE_FAMILY = "1,2";
				TEST_TARGET_NAME = Examen_2P;
			};
			name = Debug;
		};
		792CEECF2825CB3900892612 /* Release */ = {
			isa = XCBuildConfiguration;
			buildSettings = {
				ALWAYS_EMBED_SWIFT_STANDARD_LIBRARIES = YES;
				CODE_SIGN_STYLE = Automatic;
				CURRENT_PROJECT_VERSION = 1;
				DEVELOPMENT_TEAM = 5US3R38UJG;
				GENERATE_INFOPLIST_FILE = YES;
				MARKETING_VERSION = 1.0;
				PRODUCT_BUNDLE_IDENTIFIER = "try.Examen-2PUITests";
				PRODUCT_NAME = "$(TARGET_NAME)";
				SWIFT_EMIT_LOC_STRINGS = NO;
				SWIFT_VERSION = 5.0;
				TARGETED_DEVICE_FAMILY = "1,2";
				TEST_TARGET_NAME = Examen_2P;
			};
			name = Release;
		};
/* End XCBuildConfiguration section */

/* Begin XCConfigurationList section */
		792CEE982825CB3800892612 /* Build configuration list for PBXProject "Examen_2P" */ = {
			isa = XCConfigurationList;
			buildConfigurations = (
				792CEEC52825CB3900892612 /* Debug */,
				792CEEC62825CB3900892612 /* Release */,
			);
			defaultConfigurationIsVisible = 0;
			defaultConfigurationName = Release;
		};
		792CEEC72825CB3900892612 /* Build configuration list for PBXNativeTarget "Examen_2P" */ = {
			isa = XCConfigurationList;
			buildConfigurations = (
				792CEEC82825CB3900892612 /* Debug */,
				792CEEC92825CB3900892612 /* Release */,
			);
			defaultConfigurationIsVisible = 0;
			defaultConfigurationName = Release;
		};
		792CEECA2825CB3900892612 /* Build configuration list for PBXNativeTarget "Examen_2PTests" */ = {
			isa = XCConfigurationList;
			buildConfigurations = (
				792CEECB2825CB3900892612 /* Debug */,
				792CEECC2825CB3900892612 /* Release */,
			);
			defaultConfigurationIsVisible = 0;
			defaultConfigurationName = Release;
		};
		792CEECD2825CB3900892612 /* Build configuration list for PBXNativeTarget "Examen_2PUITests" */ = {
			isa = XCConfigurationList;
			buildConfigurations = (
				792CEECE2825CB3900892612 /* Debug */,
				792CEECF2825CB3900892612 /* Release */,
			);
			defaultConfigurationIsVisible = 0;
			defaultConfigurationName = Release;
		};
/* End XCConfigurationList section */
	};
	rootObject = 792CEE952825CB3800892612 /* Project object */;
}
